{
  "requires": true,
  "lockfileVersion": 1,
  "dependencies": {
    "@react-native-community/hooks": {
      "version": "2.8.0",
      "resolved": "https://registry.npmjs.org/@react-native-community/hooks/-/hooks-2.8.0.tgz",
      "integrity": "sha512-xL9Mfd3Sft74hGWdGDOcq3jbvZT93gGzvcg3rnvemOPaNec8cmC2SQk3OI8LomyGcF8MedZQzQPFyfRoRi8npA=="
    }
  }
}
